
Microsoft Visual Studio Solution File, Format Version 12.00
# Visual Studio Version 17
VisualStudioVersion = 17.5.33530.505
MinimumVisualStudioVersion = 10.0.40219.1
Project("{9A19103F-16F7-4668-BE54-9A1E7A4F7556}") = "ToDoList", "ToDoList\ToDoList.csproj", "{842D031C-780C-4F31-86BD-3D44FCFEFAD9}"
EndProject
Project("{9A19103F-16F7-4668-BE54-9A1E7A4F7556}") = "DiceRoll", "DiceRoll\DiceRoll.csproj", "{A16D2D20-BD86-44CB-95FC-A1182E355329}"
EndProject
Project("{9A19103F-16F7-4668-BE54-9A1E7A4F7556}") = "PolymorphismInheritsInterfaces", "PolymorphismInheritsInterfaces\PolymorphismInheritsInterfaces.csproj", "{F7508C8E-3208-46BB-897B-3B35D084DCA5}"
EndProject
Project("{9A19103F-16F7-4668-BE54-9A1E7A4F7556}") = "CoockiesCookbook", "CoockiesCookbook\CoockiesCookbook.csproj", "{00DAC72F-0EC2-465D-B3AA-5EF939FCF1CA}"
EndProject
Project("{9A19103F-16F7-4668-BE54-9A1E7A4F7556}") = "GameDataParser", "GameDataParser\GameDataParser.csproj", "{576CDB26-839B-44F3-8968-C7E61F1D8480}"
EndProject
Project("{9A19103F-16F7-4668-BE54-9A1E7A4F7556}") = "Generics", "Generics\Generics.csproj", "{1CD42EF0-DD40-4F13-A113-CD5C499D491F}"
EndProject
Project("{9A19103F-16F7-4668-BE54-9A1E7A4F7556}") = "LambdaExpression", "LambdaExpression\LambdaExpression.csproj", "{7CA910C4-A516-4168-B30E-F073CFA24CCC}"
EndProject
Project("{9A19103F-16F7-4668-BE54-9A1E7A4F7556}") = "CustomCacheApp", "CustomCacheApp\CustomCacheApp.csproj", "{34D9BC1A-B0EC-4735-A17E-B37D0DB0C6D7}"
EndProject
Project("{FAE04EC0-301F-11D3-BF4B-00C04F79EFBC}") = "Linq", "Linq\Linq.csproj", "{CFF901B6-367A-449A-A2AE-CB8C1800477D}"
EndProject
Global
	GlobalSection(SolutionConfigurationPlatforms) = preSolution
		Debug|Any CPU = Debug|Any CPU
		Release|Any CPU = Release|Any CPU
	EndGlobalSection
	GlobalSection(ProjectConfigurationPlatforms) = postSolution
		{842D031C-780C-4F31-86BD-3D44FCFEFAD9}.Debug|Any CPU.ActiveCfg = Debug|Any CPU
		{842D031C-780C-4F31-86BD-3D44FCFEFAD9}.Debug|Any CPU.Build.0 = Debug|Any CPU
		{842D031C-780C-4F31-86BD-3D44FCFEFAD9}.Release|Any CPU.ActiveCfg = Release|Any CPU
		{842D031C-780C-4F31-86BD-3D44FCFEFAD9}.Release|Any CPU.Build.0 = Release|Any CPU
		{A16D2D20-BD86-44CB-95FC-A1182E355329}.Debug|Any CPU.ActiveCfg = Debug|Any CPU
		{A16D2D20-BD86-44CB-95FC-A1182E355329}.Debug|Any CPU.Build.0 = Debug|Any CPU
		{A16D2D20-BD86-44CB-95FC-A1182E355329}.Release|Any CPU.ActiveCfg = Release|Any CPU
		{A16D2D20-BD86-44CB-95FC-A1182E355329}.Release|Any CPU.Build.0 = Release|Any CPU
		{F7508C8E-3208-46BB-897B-3B35D084DCA5}.Debug|Any CPU.ActiveCfg = Debug|Any CPU
		{F7508C8E-3208-46BB-897B-3B35D084DCA5}.Debug|Any CPU.Build.0 = Debug|Any CPU
		{F7508C8E-3208-46BB-897B-3B35D084DCA5}.Release|Any CPU.ActiveCfg = Release|Any CPU
		{F7508C8E-3208-46BB-897B-3B35D084DCA5}.Release|Any CPU.Build.0 = Release|Any CPU
		{00DAC72F-0EC2-465D-B3AA-5EF939FCF1CA}.Debug|Any CPU.ActiveCfg = Debug|Any CPU
		{00DAC72F-0EC2-465D-B3AA-5EF939FCF1CA}.Debug|Any CPU.Build.0 = Debug|Any CPU
		{00DAC72F-0EC2-465D-B3AA-5EF939FCF1CA}.Release|Any CPU.ActiveCfg = Release|Any CPU
		{00DAC72F-0EC2-465D-B3AA-5EF939FCF1CA}.Release|Any CPU.Build.0 = Release|Any CPU
		{576CDB26-839B-44F3-8968-C7E61F1D8480}.Debug|Any CPU.ActiveCfg = Debug|Any CPU
		{576CDB26-839B-44F3-8968-C7E61F1D8480}.Debug|Any CPU.Build.0 = Debug|Any CPU
		{576CDB26-839B-44F3-8968-C7E61F1D8480}.Release|Any CPU.ActiveCfg = Release|Any CPU
		{576CDB26-839B-44F3-8968-C7E61F1D8480}.Release|Any CPU.Build.0 = Release|Any CPU
		{1CD42EF0-DD40-4F13-A113-CD5C499D491F}.Debug|Any CPU.ActiveCfg = Debug|Any CPU
		{1CD42EF0-DD40-4F13-A113-CD5C499D491F}.Debug|Any CPU.Build.0 = Debug|Any CPU
		{1CD42EF0-DD40-4F13-A113-CD5C499D491F}.Release|Any CPU.ActiveCfg = Release|Any CPU
		{1CD42EF0-DD40-4F13-A113-CD5C499D491F}.Release|Any CPU.Build.0 = Release|Any CPU
		{7CA910C4-A516-4168-B30E-F073CFA24CCC}.Debug|Any CPU.ActiveCfg = Debug|Any CPU
		{7CA910C4-A516-4168-B30E-F073CFA24CCC}.Debug|Any CPU.Build.0 = Debug|Any CPU
		{7CA910C4-A516-4168-B30E-F073CFA24CCC}.Release|Any CPU.ActiveCfg = Release|Any CPU
		{7CA910C4-A516-4168-B30E-F073CFA24CCC}.Release|Any CPU.Build.0 = Release|Any CPU
		{34D9BC1A-B0EC-4735-A17E-B37D0DB0C6D7}.Debug|Any CPU.ActiveCfg = Debug|Any CPU
		{34D9BC1A-B0EC-4735-A17E-B37D0DB0C6D7}.Debug|Any CPU.Build.0 = Debug|Any CPU
		{34D9BC1A-B0EC-4735-A17E-B37D0DB0C6D7}.Release|Any CPU.ActiveCfg = Release|Any CPU
		{34D9BC1A-B0EC-4735-A17E-B37D0DB0C6D7}.Release|Any CPU.Build.0 = Release|Any CPU
		{CFF901B6-367A-449A-A2AE-CB8C1800477D}.Debug|Any CPU.ActiveCfg = Debug|Any CPU
		{CFF901B6-367A-449A-A2AE-CB8C1800477D}.Debug|Any CPU.Build.0 = Debug|Any CPU
		{CFF901B6-367A-449A-A2AE-CB8C1800477D}.Release|Any CPU.ActiveCfg = Release|Any CPU
		{CFF901B6-367A-449A-A2AE-CB8C1800477D}.Release|Any CPU.Build.0 = Release|Any CPU
	EndGlobalSection
	GlobalSection(SolutionProperties) = preSolution
		HideSolutionNode = FALSE
	EndGlobalSection
	GlobalSection(ExtensibilityGlobals) = postSolution
		SolutionGuid = {9A03B029-E0D6-4419-9C86-2F4C69E05C49}
	EndGlobalSection
EndGlobal
